
Microsoft Visual Studio Solution File, Format Version 12.00
# Visual Studio Version 16
VisualStudioVersion = 16.0.30907.101
MinimumVisualStudioVersion = 10.0.40219.1
Project("{FAE04EC0-301F-11D3-BF4B-00C04F79EFBC}") = "ShazamExample1", "ShazamExample1\ShazamExample1.csproj", "{D9041DC9-B8D8-4825-A09A-7965D7754E3B}"
EndProject
Global
	GlobalSection(SolutionConfigurationPlatforms) = preSolution
		Debug|Any CPU = Debug|Any CPU
		Release|Any CPU = Release|Any CPU
	EndGlobalSection
	GlobalSection(ProjectConfigurationPlatforms) = postSolution
		{D9041DC9-B8D8-4825-A09A-7965D7754E3B}.Debug|Any CPU.ActiveCfg = Debug|Any CPU
		{D9041DC9-B8D8-4825-A09A-7965D7754E3B}.Debug|Any CPU.Build.0 = Debug|Any CPU
		{D9041DC9-B8D8-4825-A09A-7965D7754E3B}.Release|Any CPU.ActiveCfg = Release|Any CPU
		{D9041DC9-B8D8-4825-A09A-7965D7754E3B}.Release|Any CPU.Build.0 = Release|Any CPU
	EndGlobalSection
	GlobalSection(SolutionProperties) = preSolution
		HideSolutionNode = FALSE
	EndGlobalSection
	GlobalSection(ExtensibilityGlobals) = postSolution
		SolutionGuid = {F1EA8747-5D8A-4F79-BC3E-0A6EE4B921F1}
	EndGlobalSection
EndGlobal
